
Microsoft Visual Studio Solution File, Format Version 12.00
# Visual Studio Version 16
VisualStudioVersion = 16.0.30907.101
MinimumVisualStudioVersion = 10.0.40219.1
Project("{FAE04EC0-301F-11D3-BF4B-00C04F79EFBC}") = "TH1", "TH1\TH1.csproj", "{0D7F37E4-C23E-40B3-9F39-E4FE1ECE0EE7}"
EndProject
Global
	GlobalSection(SolutionConfigurationPlatforms) = preSolution
		Debug|Any CPU = Debug|Any CPU
		Release|Any CPU = Release|Any CPU
	EndGlobalSection
	GlobalSection(ProjectConfigurationPlatforms) = postSolution
		{0D7F37E4-C23E-40B3-9F39-E4FE1ECE0EE7}.Debug|Any CPU.ActiveCfg = Debug|Any CPU
		{0D7F37E4-C23E-40B3-9F39-E4FE1ECE0EE7}.Debug|Any CPU.Build.0 = Debug|Any CPU
		{0D7F37E4-C23E-40B3-9F39-E4FE1ECE0EE7}.Release|Any CPU.ActiveCfg = Release|Any CPU
		{0D7F37E4-C23E-40B3-9F39-E4FE1ECE0EE7}.Release|Any CPU.Build.0 = Release|Any CPU
	EndGlobalSection
	GlobalSection(SolutionProperties) = preSolution
		HideSolutionNode = FALSE
	EndGlobalSection
	GlobalSection(ExtensibilityGlobals) = postSolution
		SolutionGuid = {04D1F71E-F6FE-4729-BF17-0A12D2130A4D}
	EndGlobalSection
EndGlobal
